
Microsoft Visual Studio Solution File, Format Version 12.00
# Visual Studio Version 16
VisualStudioVersion = 16.0.29709.97
MinimumVisualStudioVersion = 10.0.40219.1
Project("{FAE04EC0-301F-11D3-BF4B-00C04F79EFBC}") = "SaAuthentication", "SaAuthentication\SaAuthentication.csproj", "{F9F56609-C3C5-4295-8A9B-80E63DB6C465}"
EndProject
Global
	GlobalSection(SolutionConfigurationPlatforms) = preSolution
		Debug|Any CPU = Debug|Any CPU
		Release|Any CPU = Release|Any CPU
	EndGlobalSection
	GlobalSection(ProjectConfigurationPlatforms) = postSolution
		{F9F56609-C3C5-4295-8A9B-80E63DB6C465}.Debug|Any CPU.ActiveCfg = Debug|Any CPU
		{F9F56609-C3C5-4295-8A9B-80E63DB6C465}.Debug|Any CPU.Build.0 = Debug|Any CPU
		{F9F56609-C3C5-4295-8A9B-80E63DB6C465}.Release|Any CPU.ActiveCfg = Release|Any CPU
		{F9F56609-C3C5-4295-8A9B-80E63DB6C465}.Release|Any CPU.Build.0 = Release|Any CPU
	EndGlobalSection
	GlobalSection(SolutionProperties) = preSolution
		HideSolutionNode = FALSE
	EndGlobalSection
	GlobalSection(ExtensibilityGlobals) = postSolution
		SolutionGuid = {177A6D10-59B7-46E5-BBD8-E1176BCD5B34}
	EndGlobalSection
EndGlobal
