
Microsoft Visual Studio Solution File, Format Version 12.00
# Visual Studio Version 16
VisualStudioVersion = 16.0.29709.97
MinimumVisualStudioVersion = 10.0.40219.1
Project("{FAE04EC0-301F-11D3-BF4B-00C04F79EFBC}") = "SmartIt.Security.Cors", "SmartIt.Security.Cors\SmartIt.Security.Cors.csproj", "{161D331E-262B-47BF-A8D6-5AD3828AC0E1}"
EndProject
Project("{FAE04EC0-301F-11D3-BF4B-00C04F79EFBC}") = "SmartIt.Security.Cors.Client", "SmartIt.Security.Cors.Client\SmartIt.Security.Cors.Client.csproj", "{7A961BC1-3B8D-4F36-A4BF-ADB71D69ADF0}"
EndProject
Global
	GlobalSection(SolutionConfigurationPlatforms) = preSolution
		Debug|Any CPU = Debug|Any CPU
		Release|Any CPU = Release|Any CPU
	EndGlobalSection
	GlobalSection(ProjectConfigurationPlatforms) = postSolution
		{161D331E-262B-47BF-A8D6-5AD3828AC0E1}.Debug|Any CPU.ActiveCfg = Debug|Any CPU
		{161D331E-262B-47BF-A8D6-5AD3828AC0E1}.Debug|Any CPU.Build.0 = Debug|Any CPU
		{161D331E-262B-47BF-A8D6-5AD3828AC0E1}.Release|Any CPU.ActiveCfg = Release|Any CPU
		{161D331E-262B-47BF-A8D6-5AD3828AC0E1}.Release|Any CPU.Build.0 = Release|Any CPU
		{7A961BC1-3B8D-4F36-A4BF-ADB71D69ADF0}.Debug|Any CPU.ActiveCfg = Debug|Any CPU
		{7A961BC1-3B8D-4F36-A4BF-ADB71D69ADF0}.Debug|Any CPU.Build.0 = Debug|Any CPU
		{7A961BC1-3B8D-4F36-A4BF-ADB71D69ADF0}.Release|Any CPU.ActiveCfg = Release|Any CPU
		{7A961BC1-3B8D-4F36-A4BF-ADB71D69ADF0}.Release|Any CPU.Build.0 = Release|Any CPU
	EndGlobalSection
	GlobalSection(SolutionProperties) = preSolution
		HideSolutionNode = FALSE
	EndGlobalSection
	GlobalSection(ExtensibilityGlobals) = postSolution
		SolutionGuid = {96ABA454-1ABE-4A94-A0AB-42C59610D314}
	EndGlobalSection
EndGlobal
